
Microsoft Visual Studio Solution File, Format Version 12.00
# Visual Studio 15
VisualStudioVersion = 15.0.27004.2005
MinimumVisualStudioVersion = 10.0.40219.1
Project("{FAE04EC0-301F-11D3-BF4B-00C04F79EFBC}") = "HealthyApp.Android", "HealthyApp\HealthyApp.Android\HealthyApp.Android.csproj", "{6F2D6088-31A0-4CBF-81B0-58A3EB872967}"
EndProject
Project("{FAE04EC0-301F-11D3-BF4B-00C04F79EFBC}") = "HealthyApp", "HealthyApp\HealthyApp\HealthyApp.csproj", "{C397234C-E934-4677-97CD-3F4272C8DA37}"
EndProject
Project("{FAE04EC0-301F-11D3-BF4B-00C04F79EFBC}") = "HealthyApp.UWP", "HealthyApp\HealthyApp.UWP\HealthyApp.UWP.csproj", "{EAFE689E-17ED-4AD8-A121-DF19C668BE1A}"
EndProject
Project("{FAE04EC0-301F-11D3-BF4B-00C04F79EFBC}") = "HealthyApp.iOS", "HealthyApp\HealthyApp.iOS\HealthyApp.iOS.csproj", "{28173A67-235E-4C4E-977F-7F627C9963E4}"
EndProject
Global
	GlobalSection(SolutionConfigurationPlatforms) = preSolution
		Ad-Hoc|Any CPU = Ad-Hoc|Any CPU
		Ad-Hoc|ARM = Ad-Hoc|ARM
		Ad-Hoc|iPhone = Ad-Hoc|iPhone
		Ad-Hoc|iPhoneSimulator = Ad-Hoc|iPhoneSimulator
		Ad-Hoc|x64 = Ad-Hoc|x64
		Ad-Hoc|x86 = Ad-Hoc|x86
		AppStore|Any CPU = AppStore|Any CPU
		AppStore|ARM = AppStore|ARM
		AppStore|iPhone = AppStore|iPhone
		AppStore|iPhoneSimulator = AppStore|iPhoneSimulator
		AppStore|x64 = AppStore|x64
		AppStore|x86 = AppStore|x86
		Debug|Any CPU = Debug|Any CPU
		Debug|ARM = Debug|ARM
		Debug|iPhone = Debug|iPhone
		Debug|iPhoneSimulator = Debug|iPhoneSimulator
		Debug|x64 = Debug|x64
		Debug|x86 = Debug|x86
		Release|Any CPU = Release|Any CPU
		Release|ARM = Release|ARM
		Release|iPhone = Release|iPhone
		Release|iPhoneSimulator = Release|iPhoneSimulator
		Release|x64 = Release|x64
		Release|x86 = Release|x86
	EndGlobalSection
	GlobalSection(ProjectConfigurationPlatforms) = postSolution
		{6F2D6088-31A0-4CBF-81B0-58A3EB872967}.Ad-Hoc|Any CPU.ActiveCfg = Release|Any CPU
		{6F2D6088-31A0-4CBF-81B0-58A3EB872967}.Ad-Hoc|Any CPU.Build.0 = Release|Any CPU
		{6F2D6088-31A0-4CBF-81B0-58A3EB872967}.Ad-Hoc|Any CPU.Deploy.0 = Release|Any CPU
		{6F2D6088-31A0-4CBF-81B0-58A3EB872967}.Ad-Hoc|ARM.ActiveCfg = Release|Any CPU
		{6F2D6088-31A0-4CBF-81B0-58A3EB872967}.Ad-Hoc|ARM.Build.0 = Release|Any CPU
		{6F2D6088-31A0-4CBF-81B0-58A3EB872967}.Ad-Hoc|ARM.Deploy.0 = Release|Any CPU
		{6F2D6088-31A0-4CBF-81B0-58A3EB872967}.Ad-Hoc|iPhone.ActiveCfg = Release|Any CPU
		{6F2D6088-31A0-4CBF-81B0-58A3EB872967}.Ad-Hoc|iPhone.Build.0 = Release|Any CPU
		{6F2D6088-31A0-4CBF-81B0-58A3EB872967}.Ad-Hoc|iPhone.Deploy.0 = Release|Any CPU
		{6F2D6088-31A0-4CBF-81B0-58A3EB872967}.Ad-Hoc|iPhoneSimulator.ActiveCfg = Release|Any CPU
		{6F2D6088-31A0-4CBF-81B0-58A3EB872967}.Ad-Hoc|iPhoneSimulator.Build.0 = Release|Any CPU
		{6F2D6088-31A0-4CBF-81B0-58A3EB872967}.Ad-Hoc|iPhoneSimulator.Deploy.0 = Release|Any CPU
		{6F2D6088-31A0-4CBF-81B0-58A3EB872967}.Ad-Hoc|x64.ActiveCfg = Release|Any CPU
		{6F2D6088-31A0-4CBF-81B0-58A3EB872967}.Ad-Hoc|x64.Build.0 = Release|Any CPU
		{6F2D6088-31A0-4CBF-81B0-58A3EB872967}.Ad-Hoc|x64.Deploy.0 = Release|Any CPU
		{6F2D6088-31A0-4CBF-81B0-58A3EB872967}.Ad-Hoc|x86.ActiveCfg = Release|Any CPU
		{6F2D6088-31A0-4CBF-81B0-58A3EB872967}.Ad-Hoc|x86.Build.0 = Release|Any CPU
		{6F2D6088-31A0-4CBF-81B0-58A3EB872967}.Ad-Hoc|x86.Deploy.0 = Release|Any CPU
		{6F2D6088-31A0-4CBF-81B0-58A3EB872967}.AppStore|Any CPU.ActiveCfg = Release|Any CPU
		{6F2D6088-31A0-4CBF-81B0-58A3EB872967}.AppStore|Any CPU.Build.0 = Release|Any CPU
		{6F2D6088-31A0-4CBF-81B0-58A3EB872967}.AppStore|Any CPU.Deploy.0 = Release|Any CPU
		{6F2D6088-31A0-4CBF-81B0-58A3EB872967}.AppStore|ARM.ActiveCfg = Release|Any CPU
		{6F2D6088-31A0-4CBF-81B0-58A3EB872967}.AppStore|ARM.Build.0 = Release|Any CPU
		{6F2D6088-31A0-4CBF-81B0-58A3EB872967}.AppStore|ARM.Deploy.0 = Release|Any CPU
		{6F2D6088-31A0-4CBF-81B0-58A3EB872967}.AppStore|iPhone.ActiveCfg = Release|Any CPU
		{6F2D6088-31A0-4CBF-81B0-58A3EB872967}.AppStore|iPhone.Build.0 = Release|Any CPU
		{6F2D6088-31A0-4CBF-81B0-58A3EB872967}.AppStore|iPhone.Deploy.0 = Release|Any CPU
		{6F2D6088-31A0-4CBF-81B0-58A3EB872967}.AppStore|iPhoneSimulator.ActiveCfg = Release|Any CPU
		{6F2D6088-31A0-4CBF-81B0-58A3EB872967}.AppStore|iPhoneSimulator.Build.0 = Release|Any CPU
		{6F2D6088-31A0-4CBF-81B0-58A3EB872967}.AppStore|iPhoneSimulator.Deploy.0 = Release|Any CPU
		{6F2D6088-31A0-4CBF-81B0-58A3EB872967}.AppStore|x64.ActiveCfg = Release|Any CPU
		{6F2D6088-31A0-4CBF-81B0-58A3EB872967}.AppStore|x64.Build.0 = Release|Any CPU
		{6F2D6088-31A0-4CBF-81B0-58A3EB872967}.AppStore|x64.Deploy.0 = Release|Any CPU
		{6F2D6088-31A0-4CBF-81B0-58A3EB872967}.AppStore|x86.ActiveCfg = Release|Any CPU
		{6F2D6088-31A0-4CBF-81B0-58A3EB872967}.AppStore|x86.Build.0 = Release|Any CPU
		{6F2D6088-31A0-4CBF-81B0-58A3EB872967}.AppStore|x86.Deploy.0 = Release|Any CPU
		{6F2D6088-31A0-4CBF-81B0-58A3EB872967}.Debug|Any CPU.ActiveCfg = Debug|Any CPU
		{6F2D6088-31A0-4CBF-81B0-58A3EB872967}.Debug|Any CPU.Build.0 = Debug|Any CPU
		{6F2D6088-31A0-4CBF-81B0-58A3EB872967}.Debug|Any CPU.Deploy.0 = Debug|Any CPU
		{6F2D6088-31A0-4CBF-81B0-58A3EB872967}.Debug|ARM.ActiveCfg = Debug|Any CPU
		{6F2D6088-31A0-4CBF-81B0-58A3EB872967}.Debug|ARM.Build.0 = Debug|Any CPU
		{6F2D6088-31A0-4CBF-81B0-58A3EB872967}.Debug|ARM.Deploy.0 = Debug|Any CPU
		{6F2D6088-31A0-4CBF-81B0-58A3EB872967}.Debug|iPhone.ActiveCfg = Debug|Any CPU
		{6F2D6088-31A0-4CBF-81B0-58A3EB872967}.Debug|iPhone.Build.0 = Debug|Any CPU
		{6F2D6088-31A0-4CBF-81B0-58A3EB872967}.Debug|iPhone.Deploy.0 = Debug|Any CPU
		{6F2D6088-31A0-4CBF-81B0-58A3EB872967}.Debug|iPhoneSimulator.ActiveCfg = Debug|Any CPU
		{6F2D6088-31A0-4CBF-81B0-58A3EB872967}.Debug|iPhoneSimulator.Build.0 = Debug|Any CPU
		{6F2D6088-31A0-4CBF-81B0-58A3EB872967}.Debug|iPhoneSimulator.Deploy.0 = Debug|Any CPU
		{6F2D6088-31A0-4CBF-81B0-58A3EB872967}.Debug|x64.ActiveCfg = Debug|Any CPU
		{6F2D6088-31A0-4CBF-81B0-58A3EB872967}.Debug|x64.Build.0 = Debug|Any CPU
		{6F2D6088-31A0-4CBF-81B0-58A3EB872967}.Debug|x64.Deploy.0 = Debug|Any CPU
		{6F2D6088-31A0-4CBF-81B0-58A3EB872967}.Debug|x86.ActiveCfg = Debug|Any CPU
		{6F2D6088-31A0-4CBF-81B0-58A3EB872967}.Debug|x86.Build.0 = Debug|Any CPU
		{6F2D6088-31A0-4CBF-81B0-58A3EB872967}.Debug|x86.Deploy.0 = Debug|Any CPU
		{6F2D6088-31A0-4CBF-81B0-58A3EB872967}.Release|Any CPU.ActiveCfg = Release|Any CPU
		{6F2D6088-31A0-4CBF-81B0-58A3EB872967}.Release|Any CPU.Build.0 = Release|Any CPU
		{6F2D6088-31A0-4CBF-81B0-58A3EB872967}.Release|Any CPU.Deploy.0 = Release|Any CPU
		{6F2D6088-31A0-4CBF-81B0-58A3EB872967}.Release|ARM.ActiveCfg = Release|Any CPU
		{6F2D6088-31A0-4CBF-81B0-58A3EB872967}.Release|ARM.Build.0 = Release|Any CPU
		{6F2D6088-31A0-4CBF-81B0-58A3EB872967}.Release|ARM.Deploy.0 = Release|Any CPU
		{6F2D6088-31A0-4CBF-81B0-58A3EB872967}.Release|iPhone.ActiveCfg = Release|Any CPU
		{6F2D6088-31A0-4CBF-81B0-58A3EB872967}.Release|iPhone.Build.0 = Release|Any CPU
		{6F2D6088-31A0-4CBF-81B0-58A3EB872967}.Release|iPhone.Deploy.0 = Release|Any CPU
		{6F2D6088-31A0-4CBF-81B0-58A3EB872967}.Release|iPhoneSimulator.ActiveCfg = Release|Any CPU
		{6F2D6088-31A0-4CBF-81B0-58A3EB872967}.Release|iPhoneSimulator.Build.0 = Release|Any CPU
		{6F2D6088-31A0-4CBF-81B0-58A3EB872967}.Release|iPhoneSimulator.Deploy.0 = Release|Any CPU
		{6F2D6088-31A0-4CBF-81B0-58A3EB872967}.Release|x64.ActiveCfg = Release|Any CPU
		{6F2D6088-31A0-4CBF-81B0-58A3EB872967}.Release|x64.Build.0 = Release|Any CPU
		{6F2D6088-31A0-4CBF-81B0-58A3EB872967}.Release|x64.Deploy.0 = Release|Any CPU
		{6F2D6088-31A0-4CBF-81B0-58A3EB872967}.Release|x86.ActiveCfg = Release|Any CPU
		{6F2D6088-31A0-4CBF-81B0-58A3EB872967}.Release|x86.Build.0 = Release|Any CPU
		{6F2D6088-31A0-4CBF-81B0-58A3EB872967}.Release|x86.Deploy.0 = Release|Any CPU
		{C397234C-E934-4677-97CD-3F4272C8DA37}.Ad-Hoc|Any CPU.ActiveCfg = Release|Any CPU
		{C397234C-E934-4677-97CD-3F4272C8DA37}.Ad-Hoc|Any CPU.Build.0 = Release|Any CPU
		{C397234C-E934-4677-97CD-3F4272C8DA37}.Ad-Hoc|ARM.ActiveCfg = Release|Any CPU
		{C397234C-E934-4677-97CD-3F4272C8DA37}.Ad-Hoc|ARM.Build.0 = Release|Any CPU
		{C397234C-E934-4677-97CD-3F4272C8DA37}.Ad-Hoc|iPhone.ActiveCfg = Release|Any CPU
		{C397234C-E934-4677-97CD-3F4272C8DA37}.Ad-Hoc|iPhone.Build.0 = Release|Any CPU
		{C397234C-E934-4677-97CD-3F4272C8DA37}.Ad-Hoc|iPhoneSimulator.ActiveCfg = Release|Any CPU
		{C397234C-E934-4677-97CD-3F4272C8DA37}.Ad-Hoc|iPhoneSimulator.Build.0 = Release|Any CPU
		{C397234C-E934-4677-97CD-3F4272C8DA37}.Ad-Hoc|x64.ActiveCfg = Release|Any CPU
		{C397234C-E934-4677-97CD-3F4272C8DA37}.Ad-Hoc|x64.Build.0 = Release|Any CPU
		{C397234C-E934-4677-97CD-3F4272C8DA37}.Ad-Hoc|x86.ActiveCfg = Release|Any CPU
		{C397234C-E934-4677-97CD-3F4272C8DA37}.Ad-Hoc|x86.Build.0 = Release|Any CPU
		{C397234C-E934-4677-97CD-3F4272C8DA37}.AppStore|Any CPU.ActiveCfg = Release|Any CPU
		{C397234C-E934-4677-97CD-3F4272C8DA37}.AppStore|Any CPU.Build.0 = Release|Any CPU
		{C397234C-E934-4677-97CD-3F4272C8DA37}.AppStore|ARM.ActiveCfg = Release|Any CPU
		{C397234C-E934-4677-97CD-3F4272C8DA37}.AppStore|ARM.Build.0 = Release|Any CPU
		{C397234C-E934-4677-97CD-3F4272C8DA37}.AppStore|iPhone.ActiveCfg = Release|Any CPU
		{C397234C-E934-4677-97CD-3F4272C8DA37}.AppStore|iPhone.Build.0 = Release|Any CPU
		{C397234C-E934-4677-97CD-3F4272C8DA37}.AppStore|iPhoneSimulator.ActiveCfg = Release|Any CPU
		{C397234C-E934-4677-97CD-3F4272C8DA37}.AppStore|iPhoneSimulator.Build.0 = Release|Any CPU
		{C397234C-E934-4677-97CD-3F4272C8DA37}.AppStore|x64.ActiveCfg = Release|Any CPU
		{C397234C-E934-4677-97CD-3F4272C8DA37}.AppStore|x64.Build.0 = Release|Any CPU
		{C397234C-E934-4677-97CD-3F4272C8DA37}.AppStore|x86.ActiveCfg = Release|Any CPU
		{C397234C-E934-4677-97CD-3F4272C8DA37}.AppStore|x86.Build.0 = Release|Any CPU
		{C397234C-E934-4677-97CD-3F4272C8DA37}.Debug|Any CPU.ActiveCfg = Debug|Any CPU
		{C397234C-E934-4677-97CD-3F4272C8DA37}.Debug|Any CPU.Build.0 = Debug|Any CPU
		{C397234C-E934-4677-97CD-3F4272C8DA37}.Debug|ARM.ActiveCfg = Debug|Any CPU
		{C397234C-E934-4677-97CD-3F4272C8DA37}.Debug|ARM.Build.0 = Debug|Any CPU
		{C397234C-E934-4677-97CD-3F4272C8DA37}.Debug|iPhone.ActiveCfg = Debug|Any CPU
		{C397234C-E934-4677-97CD-3F4272C8DA37}.Debug|iPhone.Build.0 = Debug|Any CPU
		{C397234C-E934-4677-97CD-3F4272C8DA37}.Debug|iPhoneSimulator.ActiveCfg = Debug|Any CPU
		{C397234C-E934-4677-97CD-3F4272C8DA37}.Debug|iPhoneSimulator.Build.0 = Debug|Any CPU
		{C397234C-E934-4677-97CD-3F4272C8DA37}.Debug|x64.ActiveCfg = Debug|Any CPU
		{C397234C-E934-4677-97CD-3F4272C8DA37}.Debug|x64.Build.0 = Debug|Any CPU
		{C397234C-E934-4677-97CD-3F4272C8DA37}.Debug|x86.ActiveCfg = Debug|Any CPU
		{C397234C-E934-4677-97CD-3F4272C8DA37}.Debug|x86.Build.0 = Debug|Any CPU
		{C397234C-E934-4677-97CD-3F4272C8DA37}.Release|Any CPU.ActiveCfg = Release|Any CPU
		{C397234C-E934-4677-97CD-3F4272C8DA37}.Release|Any CPU.Build.0 = Release|Any CPU
		{C397234C-E934-4677-97CD-3F4272C8DA37}.Release|ARM.ActiveCfg = Release|Any CPU
		{C397234C-E934-4677-97CD-3F4272C8DA37}.Release|ARM.Build.0 = Release|Any CPU
		{C397234C-E934-4677-97CD-3F4272C8DA37}.Release|iPhone.ActiveCfg = Release|Any CPU
		{C397234C-E934-4677-97CD-3F4272C8DA37}.Release|iPhone.Build.0 = Release|Any CPU
		{C397234C-E934-4677-97CD-3F4272C8DA37}.Release|iPhoneSimulator.ActiveCfg = Release|Any CPU
		{C397234C-E934-4677-97CD-3F4272C8DA37}.Release|iPhoneSimulator.Build.0 = Release|Any CPU
		{C397234C-E934-4677-97CD-3F4272C8DA37}.Release|x64.ActiveCfg = Release|Any CPU
		{C397234C-E934-4677-97CD-3F4272C8DA37}.Release|x64.Build.0 = Release|Any CPU
		{C397234C-E934-4677-97CD-3F4272C8DA37}.Release|x86.ActiveCfg = Release|Any CPU
		{C397234C-E934-4677-97CD-3F4272C8DA37}.Release|x86.Build.0 = Release|Any CPU
		{EAFE689E-17ED-4AD8-A121-DF19C668BE1A}.Ad-Hoc|Any CPU.ActiveCfg = Release|x86
		{EAFE689E-17ED-4AD8-A121-DF19C668BE1A}.Ad-Hoc|Any CPU.Build.0 = Release|x86
		{EAFE689E-17ED-4AD8-A121-DF19C668BE1A}.Ad-Hoc|Any CPU.Deploy.0 = Release|x86
		{EAFE689E-17ED-4AD8-A121-DF19C668BE1A}.Ad-Hoc|ARM.ActiveCfg = Release|ARM
		{EAFE689E-17ED-4AD8-A121-DF19C668BE1A}.Ad-Hoc|ARM.Build.0 = Release|ARM
		{EAFE689E-17ED-4AD8-A121-DF19C668BE1A}.Ad-Hoc|ARM.Deploy.0 = Release|ARM
		{EAFE689E-17ED-4AD8-A121-DF19C668BE1A}.Ad-Hoc|iPhone.ActiveCfg = Release|x86
		{EAFE689E-17ED-4AD8-A121-DF19C668BE1A}.Ad-Hoc|iPhone.Build.0 = Release|x86
		{EAFE689E-17ED-4AD8-A121-DF19C668BE1A}.Ad-Hoc|iPhone.Deploy.0 = Release|x86
		{EAFE689E-17ED-4AD8-A121-DF19C668BE1A}.Ad-Hoc|iPhoneSimulator.ActiveCfg = Release|x86
		{EAFE689E-17ED-4AD8-A121-DF19C668BE1A}.Ad-Hoc|iPhoneSimulator.Build.0 = Release|x86
		{EAFE689E-17ED-4AD8-A121-DF19C668BE1A}.Ad-Hoc|iPhoneSimulator.Deploy.0 = Release|x86
		{EAFE689E-17ED-4AD8-A121-DF19C668BE1A}.Ad-Hoc|x64.ActiveCfg = Release|x64
		{EAFE689E-17ED-4AD8-A121-DF19C668BE1A}.Ad-Hoc|x64.Build.0 = Release|x64
		{EAFE689E-17ED-4AD8-A121-DF19C668BE1A}.Ad-Hoc|x64.Deploy.0 = Release|x64
		{EAFE689E-17ED-4AD8-A121-DF19C668BE1A}.Ad-Hoc|x86.ActiveCfg = Release|x86
		{EAFE689E-17ED-4AD8-A121-DF19C668BE1A}.Ad-Hoc|x86.Build.0 = Release|x86
		{EAFE689E-17ED-4AD8-A121-DF19C668BE1A}.Ad-Hoc|x86.Deploy.0 = Release|x86
		{EAFE689E-17ED-4AD8-A121-DF19C668BE1A}.AppStore|Any CPU.ActiveCfg = Release|x86
		{EAFE689E-17ED-4AD8-A121-DF19C668BE1A}.AppStore|Any CPU.Build.0 = Release|x86
		{EAFE689E-17ED-4AD8-A121-DF19C668BE1A}.AppStore|Any CPU.Deploy.0 = Release|x86
		{EAFE689E-17ED-4AD8-A121-DF19C668BE1A}.AppStore|ARM.ActiveCfg = Release|ARM
		{EAFE689E-17ED-4AD8-A121-DF19C668BE1A}.AppStore|ARM.Build.0 = Release|ARM
		{EAFE689E-17ED-4AD8-A121-DF19C668BE1A}.AppStore|ARM.Deploy.0 = Release|ARM
		{EAFE689E-17ED-4AD8-A121-DF19C668BE1A}.AppStore|iPhone.ActiveCfg = Release|x86
		{EAFE689E-17ED-4AD8-A121-DF19C668BE1A}.AppStore|iPhone.Build.0 = Release|x86
		{EAFE689E-17ED-4AD8-A121-DF19C668BE1A}.AppStore|iPhone.Deploy.0 = Release|x86
		{EAFE689E-17ED-4AD8-A121-DF19C668BE1A}.AppStore|iPhoneSimulator.ActiveCfg = Release|x86
		{EAFE689E-17ED-4AD8-A121-DF19C668BE1A}.AppStore|iPhoneSimulator.Build.0 = Release|x86
		{EAFE689E-17ED-4AD8-A121-DF19C668BE1A}.AppStore|iPhoneSimulator.Deploy.0 = Release|x86
		{EAFE689E-17ED-4AD8-A121-DF19C668BE1A}.AppStore|x64.ActiveCfg = Release|x64
		{EAFE689E-17ED-4AD8-A121-DF19C668BE1A}.AppStore|x64.Build.0 = Release|x64
		{EAFE689E-17ED-4AD8-A121-DF19C668BE1A}.AppStore|x64.Deploy.0 = Release|x64
		{EAFE689E-17ED-4AD8-A121-DF19C668BE1A}.AppStore|x86.ActiveCfg = Release|x86
		{EAFE689E-17ED-4AD8-A121-DF19C668BE1A}.AppStore|x86.Build.0 = Release|x86
		{EAFE689E-17ED-4AD8-A121-DF19C668BE1A}.AppStore|x86.Deploy.0 = Release|x86
		{EAFE689E-17ED-4AD8-A121-DF19C668BE1A}.Debug|Any CPU.ActiveCfg = Debug|x86
		{EAFE689E-17ED-4AD8-A121-DF19C668BE1A}.Debug|ARM.ActiveCfg = Debug|ARM
		{EAFE689E-17ED-4AD8-A121-DF19C668BE1A}.Debug|ARM.Build.0 = Debug|ARM
		{EAFE689E-17ED-4AD8-A121-DF19C668BE1A}.Debug|ARM.Deploy.0 = Debug|ARM
		{EAFE689E-17ED-4AD8-A121-DF19C668BE1A}.Debug|iPhone.ActiveCfg = Debug|x86
		{EAFE689E-17ED-4AD8-A121-DF19C668BE1A}.Debug|iPhoneSimulator.ActiveCfg = Debug|x86
		{EAFE689E-17ED-4AD8-A121-DF19C668BE1A}.Debug|x64.ActiveCfg = Debug|x64
		{EAFE689E-17ED-4AD8-A121-DF19C668BE1A}.Debug|x64.Build.0 = Debug|x64
		{EAFE689E-17ED-4AD8-A121-DF19C668BE1A}.Debug|x64.Deploy.0 = Debug|x64
		{EAFE689E-17ED-4AD8-A121-DF19C668BE1A}.Debug|x86.ActiveCfg = Debug|x86
		{EAFE689E-17ED-4AD8-A121-DF19C668BE1A}.Debug|x86.Build.0 = Debug|x86
		{EAFE689E-17ED-4AD8-A121-DF19C668BE1A}.Debug|x86.Deploy.0 = Debug|x86
		{EAFE689E-17ED-4AD8-A121-DF19C668BE1A}.Release|Any CPU.ActiveCfg = Release|x86
		{EAFE689E-17ED-4AD8-A121-DF19C668BE1A}.Release|ARM.ActiveCfg = Release|ARM
		{EAFE689E-17ED-4AD8-A121-DF19C668BE1A}.Release|ARM.Build.0 = Release|ARM
		{EAFE689E-17ED-4AD8-A121-DF19C668BE1A}.Release|ARM.Deploy.0 = Release|ARM
		{EAFE689E-17ED-4AD8-A121-DF19C668BE1A}.Release|iPhone.ActiveCfg = Release|x86
		{EAFE689E-17ED-4AD8-A121-DF19C668BE1A}.Release|iPhoneSimulator.ActiveCfg = Release|x86
		{EAFE689E-17ED-4AD8-A121-DF19C668BE1A}.Release|x64.ActiveCfg = Release|x64
		{EAFE689E-17ED-4AD8-A121-DF19C668BE1A}.Release|x64.Build.0 = Release|x64
		{EAFE689E-17ED-4AD8-A121-DF19C668BE1A}.Release|x64.Deploy.0 = Release|x64
		{EAFE689E-17ED-4AD8-A121-DF19C668BE1A}.Release|x86.ActiveCfg = Release|x86
		{EAFE689E-17ED-4AD8-A121-DF19C668BE1A}.Release|x86.Build.0 = Release|x86
		{EAFE689E-17ED-4AD8-A121-DF19C668BE1A}.Release|x86.Deploy.0 = Release|x86
		{28173A67-235E-4C4E-977F-7F627C9963E4}.Ad-Hoc|Any CPU.ActiveCfg = Ad-Hoc|iPhoneSimulator
		{28173A67-235E-4C4E-977F-7F627C9963E4}.Ad-Hoc|ARM.ActiveCfg = Ad-Hoc|iPhone
		{28173A67-235E-4C4E-977F-7F627C9963E4}.Ad-Hoc|iPhone.ActiveCfg = Ad-Hoc|iPhone
		{28173A67-235E-4C4E-977F-7F627C9963E4}.Ad-Hoc|iPhone.Build.0 = Ad-Hoc|iPhone
		{28173A67-235E-4C4E-977F-7F627C9963E4}.Ad-Hoc|iPhoneSimulator.ActiveCfg = Ad-Hoc|iPhoneSimulator
		{28173A67-235E-4C4E-977F-7F627C9963E4}.Ad-Hoc|iPhoneSimulator.Build.0 = Ad-Hoc|iPhoneSimulator
		{28173A67-235E-4C4E-977F-7F627C9963E4}.Ad-Hoc|x64.ActiveCfg = Ad-Hoc|iPhone
		{28173A67-235E-4C4E-977F-7F627C9963E4}.Ad-Hoc|x86.ActiveCfg = Ad-Hoc|iPhone
		{28173A67-235E-4C4E-977F-7F627C9963E4}.AppStore|Any CPU.ActiveCfg = AppStore|iPhoneSimulator
		{28173A67-235E-4C4E-977F-7F627C9963E4}.AppStore|ARM.ActiveCfg = AppStore|iPhone
		{28173A67-235E-4C4E-977F-7F627C9963E4}.AppStore|iPhone.ActiveCfg = AppStore|iPhone
		{28173A67-235E-4C4E-977F-7F627C9963E4}.AppStore|iPhone.Build.0 = AppStore|iPhone
		{28173A67-235E-4C4E-977F-7F627C9963E4}.AppStore|iPhoneSimulator.ActiveCfg = AppStore|iPhoneSimulator
		{28173A67-235E-4C4E-977F-7F627C9963E4}.AppStore|iPhoneSimulator.Build.0 = AppStore|iPhoneSimulator
		{28173A67-235E-4C4E-977F-7F627C9963E4}.AppStore|x64.ActiveCfg = AppStore|iPhone
		{28173A67-235E-4C4E-977F-7F627C9963E4}.AppStore|x86.ActiveCfg = AppStore|iPhone
		{28173A67-235E-4C4E-977F-7F627C9963E4}.Debug|Any CPU.ActiveCfg = Debug|iPhoneSimulator
		{28173A67-235E-4C4E-977F-7F627C9963E4}.Debug|ARM.ActiveCfg = Debug|iPhone
		{28173A67-235E-4C4E-977F-7F627C9963E4}.Debug|iPhone.ActiveCfg = Debug|iPhone
		{28173A67-235E-4C4E-977F-7F627C9963E4}.Debug|iPhone.Build.0 = Debug|iPhone
		{28173A67-235E-4C4E-977F-7F627C9963E4}.Debug|iPhoneSimulator.ActiveCfg = Debug|iPhoneSimulator
		{28173A67-235E-4C4E-977F-7F627C9963E4}.Debug|iPhoneSimulator.Build.0 = Debug|iPhoneSimulator
		{28173A67-235E-4C4E-977F-7F627C9963E4}.Debug|x64.ActiveCfg = Debug|iPhone
		{28173A67-235E-4C4E-977F-7F627C9963E4}.Debug|x86.ActiveCfg = Debug|iPhone
		{28173A67-235E-4C4E-977F-7F627C9963E4}.Release|Any CPU.ActiveCfg = Release|iPhoneSimulator
		{28173A67-235E-4C4E-977F-7F627C9963E4}.Release|ARM.ActiveCfg = Release|iPhone
		{28173A67-235E-4C4E-977F-7F627C9963E4}.Release|iPhone.ActiveCfg = Release|iPhone
		{28173A67-235E-4C4E-977F-7F627C9963E4}.Release|iPhone.Build.0 = Release|iPhone
		{28173A67-235E-4C4E-977F-7F627C9963E4}.Release|iPhoneSimulator.ActiveCfg = Release|iPhoneSimulator
		{28173A67-235E-4C4E-977F-7F627C9963E4}.Release|iPhoneSimulator.Build.0 = Release|iPhoneSimulator
		{28173A67-235E-4C4E-977F-7F627C9963E4}.Release|x64.ActiveCfg = Release|iPhone
		{28173A67-235E-4C4E-977F-7F627C9963E4}.Release|x86.ActiveCfg = Release|iPhone
	EndGlobalSection
	GlobalSection(SolutionProperties) = preSolution
		HideSolutionNode = FALSE
	EndGlobalSection
	GlobalSection(ExtensibilityGlobals) = postSolution
		SolutionGuid = {7BDC4202-DC5A-49E6-8056-57925716B6B1}
	EndGlobalSection
EndGlobal
